
Microsoft Visual Studio Solution File, Format Version 12.00
# Visual Studio 15
Project("{FAE04EC0-301F-11D3-BF4B-00C04F79EFBC}") = "Labyrinth.Plugins", "Labyrinth.Plugins.csproj", "{2CAA9C31-A48F-F479-CC15-3FE58D3F75B2}"
EndProject
Project("{FAE04EC0-301F-11D3-BF4B-00C04F79EFBC}") = "Labyrinth", "Labyrinth.csproj", "{F34E792A-23D0-340A-3050-8E3F5AC8F7AB}"
EndProject
Project("{FAE04EC0-301F-11D3-BF4B-00C04F79EFBC}") = "Labyrinth.Editor", "Labyrinth.Editor.csproj", "{73CFC40A-3E16-0C80-0244-335454F8D7B8}"
EndProject
Project("{FAE04EC0-301F-11D3-BF4B-00C04F79EFBC}") = "Labyrinth.Editor.Plugins", "Labyrinth.Editor.Plugins.csproj", "{45E94FD1-AC8B-3C61-3627-38B1E6BBD85F}"
EndProject
Global
	GlobalSection(SolutionConfigurationPlatforms) = preSolution
		Debug|Any CPU = Debug|Any CPU
		Release|Any CPU = Release|Any CPU
	EndGlobalSection
	GlobalSection(ProjectConfigurationPlatforms) = postSolution
		{2CAA9C31-A48F-F479-CC15-3FE58D3F75B2}.Debug|Any CPU.ActiveCfg = Debug|Any CPU
		{2CAA9C31-A48F-F479-CC15-3FE58D3F75B2}.Debug|Any CPU.Build.0 = Debug|Any CPU
		{2CAA9C31-A48F-F479-CC15-3FE58D3F75B2}.Release|Any CPU.ActiveCfg = Release|Any CPU
		{2CAA9C31-A48F-F479-CC15-3FE58D3F75B2}.Release|Any CPU.Build.0 = Release|Any CPU
		{F34E792A-23D0-340A-3050-8E3F5AC8F7AB}.Debug|Any CPU.ActiveCfg = Debug|Any CPU
		{F34E792A-23D0-340A-3050-8E3F5AC8F7AB}.Debug|Any CPU.Build.0 = Debug|Any CPU
		{F34E792A-23D0-340A-3050-8E3F5AC8F7AB}.Release|Any CPU.ActiveCfg = Release|Any CPU
		{F34E792A-23D0-340A-3050-8E3F5AC8F7AB}.Release|Any CPU.Build.0 = Release|Any CPU
		{73CFC40A-3E16-0C80-0244-335454F8D7B8}.Debug|Any CPU.ActiveCfg = Debug|Any CPU
		{73CFC40A-3E16-0C80-0244-335454F8D7B8}.Debug|Any CPU.Build.0 = Debug|Any CPU
		{73CFC40A-3E16-0C80-0244-335454F8D7B8}.Release|Any CPU.ActiveCfg = Release|Any CPU
		{73CFC40A-3E16-0C80-0244-335454F8D7B8}.Release|Any CPU.Build.0 = Release|Any CPU
		{45E94FD1-AC8B-3C61-3627-38B1E6BBD85F}.Debug|Any CPU.ActiveCfg = Debug|Any CPU
		{45E94FD1-AC8B-3C61-3627-38B1E6BBD85F}.Debug|Any CPU.Build.0 = Debug|Any CPU
		{45E94FD1-AC8B-3C61-3627-38B1E6BBD85F}.Release|Any CPU.ActiveCfg = Release|Any CPU
		{45E94FD1-AC8B-3C61-3627-38B1E6BBD85F}.Release|Any CPU.Build.0 = Release|Any CPU
	EndGlobalSection
	GlobalSection(SolutionProperties) = preSolution
		HideSolutionNode = FALSE
	EndGlobalSection
EndGlobal
